
Microsoft Visual Studio Solution File, Format Version 12.00
# Visual Studio Version 17
VisualStudioVersion = 17.9.34622.214
MinimumVisualStudioVersion = 10.0.40219.1
Project("{FAE04EC0-301F-11D3-BF4B-00C04F79EFBC}") = "ASP.NET Web API CRUD Operation Using SQL Server Stored Procedures", "ASP.NET Web API CRUD Operation Using SQL Server Stored Procedures.csproj", "{A41C3726-FB8A-49AB-82B8-8064B1ADEC81}"
EndProject
Global
	GlobalSection(SolutionConfigurationPlatforms) = preSolution
		Debug|Any CPU = Debug|Any CPU
		Release|Any CPU = Release|Any CPU
	EndGlobalSection
	GlobalSection(ProjectConfigurationPlatforms) = postSolution
		{A41C3726-FB8A-49AB-82B8-8064B1ADEC81}.Debug|Any CPU.ActiveCfg = Debug|Any CPU
		{A41C3726-FB8A-49AB-82B8-8064B1ADEC81}.Debug|Any CPU.Build.0 = Debug|Any CPU
		{A41C3726-FB8A-49AB-82B8-8064B1ADEC81}.Release|Any CPU.ActiveCfg = Release|Any CPU
		{A41C3726-FB8A-49AB-82B8-8064B1ADEC81}.Release|Any CPU.Build.0 = Release|Any CPU
	EndGlobalSection
	GlobalSection(SolutionProperties) = preSolution
		HideSolutionNode = FALSE
	EndGlobalSection
	GlobalSection(ExtensibilityGlobals) = postSolution
		SolutionGuid = {9ACBD466-EAC5-4CD5-90FC-DBB8E7DF9550}
	EndGlobalSection
EndGlobal
