
Microsoft Visual Studio Solution File, Format Version 12.00
# Visual Studio Version 17
VisualStudioVersion = 17.9.34622.214
MinimumVisualStudioVersion = 10.0.40219.1
Project("{FAE04EC0-301F-11D3-BF4B-00C04F79EFBC}") = "ProgramList_LTIMindtree _Test", "ProgramList_LTIMindtree _Test\ProgramList_LTIMindtree _Test.csproj", "{1FF9AFB5-9523-4678-A3CA-6B8A46F28994}"
EndProject
Global
	GlobalSection(SolutionConfigurationPlatforms) = preSolution
		Debug|Any CPU = Debug|Any CPU
		Release|Any CPU = Release|Any CPU
	EndGlobalSection
	GlobalSection(ProjectConfigurationPlatforms) = postSolution
		{1FF9AFB5-9523-4678-A3CA-6B8A46F28994}.Debug|Any CPU.ActiveCfg = Debug|Any CPU
		{1FF9AFB5-9523-4678-A3CA-6B8A46F28994}.Debug|Any CPU.Build.0 = Debug|Any CPU
		{1FF9AFB5-9523-4678-A3CA-6B8A46F28994}.Release|Any CPU.ActiveCfg = Release|Any CPU
		{1FF9AFB5-9523-4678-A3CA-6B8A46F28994}.Release|Any CPU.Build.0 = Release|Any CPU
	EndGlobalSection
	GlobalSection(SolutionProperties) = preSolution
		HideSolutionNode = FALSE
	EndGlobalSection
	GlobalSection(ExtensibilityGlobals) = postSolution
		SolutionGuid = {C5FAD77B-DF74-4315-B4DB-C43734849962}
	EndGlobalSection
EndGlobal
